Microsoft Visual Studio Solution File, Format Version 12.00
# Visual Studio Version 17
VisualStudioVersion = 17.5.2.0
MinimumVisualStudioVersion = 10.0.40219.1
Project("{FAE04EC0-301F-11D3-BF4B-00C04F79EFBC}") = "SmartQueue", "SmartQueue.csproj", "{62E59C6F-D589-39FF-DB1C-EF828CC7DD96}"
EndProject
Global
	GlobalSection(SolutionConfigurationPlatforms) = preSolution
		Debug|Any CPU = Debug|Any CPU
		Release|Any CPU = Release|Any CPU
	EndGlobalSection
	GlobalSection(ProjectConfigurationPlatforms) = postSolution
		{62E59C6F-D589-39FF-DB1C-EF828CC7DD96}.Debug|Any CPU.ActiveCfg = Debug|Any CPU
		{62E59C6F-D589-39FF-DB1C-EF828CC7DD96}.Debug|Any CPU.Build.0 = Debug|Any CPU
		{62E59C6F-D589-39FF-DB1C-EF828CC7DD96}.Release|Any CPU.ActiveCfg = Release|Any CPU
		{62E59C6F-D589-39FF-DB1C-EF828CC7DD96}.Release|Any CPU.Build.0 = Release|Any CPU
	EndGlobalSection
	GlobalSection(SolutionProperties) = preSolution
		HideSolutionNode = FALSE
	EndGlobalSection
	GlobalSection(ExtensibilityGlobals) = postSolution
		SolutionGuid = {8F8CC7DA-E0B9-4F83-8836-FE603C1792B1}
	EndGlobalSection
EndGlobal
